
Microsoft Visual Studio Solution File, Format Version 12.00
# Visual Studio Version 16
VisualStudioVersion = 16.0.29326.143
MinimumVisualStudioVersion = 10.0.40219.1
Project("{FAE04EC0-301F-11D3-BF4B-00C04F79EFBC}") = "QL_Room_919", "QL_Room_919\QL_Room_919.csproj", "{FA619692-96D8-4F05-86A5-A2C7DAA454E6}"
EndProject
Global
	GlobalSection(SolutionConfigurationPlatforms) = preSolution
		Debug|Any CPU = Debug|Any CPU
		Release|Any CPU = Release|Any CPU
	EndGlobalSection
	GlobalSection(ProjectConfigurationPlatforms) = postSolution
		{FA619692-96D8-4F05-86A5-A2C7DAA454E6}.Debug|Any CPU.ActiveCfg = Debug|Any CPU
		{FA619692-96D8-4F05-86A5-A2C7DAA454E6}.Debug|Any CPU.Build.0 = Debug|Any CPU
		{FA619692-96D8-4F05-86A5-A2C7DAA454E6}.Release|Any CPU.ActiveCfg = Release|Any CPU
		{FA619692-96D8-4F05-86A5-A2C7DAA454E6}.Release|Any CPU.Build.0 = Release|Any CPU
	EndGlobalSection
	GlobalSection(SolutionProperties) = preSolution
		HideSolutionNode = FALSE
	EndGlobalSection
	GlobalSection(ExtensibilityGlobals) = postSolution
		SolutionGuid = {122A1D8B-0FDB-4B75-9E94-29C6124AF810}
	EndGlobalSection
EndGlobal
